
Microsoft Visual Studio Solution File, Format Version 12.00
# Visual Studio Version 17
VisualStudioVersion = 17.5.002.0
MinimumVisualStudioVersion = 10.0.40219.1
Project("{9A19103F-16F7-4668-BE54-9A1E7A4F7556}") = "GarageParking", "GarageParking.csproj", "{9F0FD2E2-29C7-462B-8181-C86680E4A1EB}"
EndProject
Global
	GlobalSection(SolutionConfigurationPlatforms) = preSolution
		Debug|Any CPU = Debug|Any CPU
		Release|Any CPU = Release|Any CPU
	EndGlobalSection
	GlobalSection(ProjectConfigurationPlatforms) = postSolution
		{9F0FD2E2-29C7-462B-8181-C86680E4A1EB}.Debug|Any CPU.ActiveCfg = Debug|Any CPU
		{9F0FD2E2-29C7-462B-8181-C86680E4A1EB}.Debug|Any CPU.Build.0 = Debug|Any CPU
		{9F0FD2E2-29C7-462B-8181-C86680E4A1EB}.Release|Any CPU.ActiveCfg = Release|Any CPU
		{9F0FD2E2-29C7-462B-8181-C86680E4A1EB}.Release|Any CPU.Build.0 = Release|Any CPU
	EndGlobalSection
	GlobalSection(SolutionProperties) = preSolution
		HideSolutionNode = FALSE
	EndGlobalSection
	GlobalSection(ExtensibilityGlobals) = postSolution
		SolutionGuid = {E5C84D73-6182-4B6E-9F0C-489BF677D955}
	EndGlobalSection
EndGlobal
